
Microsoft Visual Studio Solution File, Format Version 12.00
# Visual Studio Version 17
VisualStudioVersion = 17.8.34525.116
MinimumVisualStudioVersion = 10.0.40219.1
Project("{FAE04EC0-301F-11D3-BF4B-00C04F79EFBC}") = "MuscleMealUI", "MuscleMealUI.csproj", "{82ED8839-A805-414C-A827-1493F10D077E}"
EndProject
Global
	GlobalSection(SolutionConfigurationPlatforms) = preSolution
		Debug|Any CPU = Debug|Any CPU
		Release|Any CPU = Release|Any CPU
	EndGlobalSection
	GlobalSection(ProjectConfigurationPlatforms) = postSolution
		{82ED8839-A805-414C-A827-1493F10D077E}.Debug|Any CPU.ActiveCfg = Debug|Any CPU
		{82ED8839-A805-414C-A827-1493F10D077E}.Debug|Any CPU.Build.0 = Debug|Any CPU
		{82ED8839-A805-414C-A827-1493F10D077E}.Release|Any CPU.ActiveCfg = Release|Any CPU
		{82ED8839-A805-414C-A827-1493F10D077E}.Release|Any CPU.Build.0 = Release|Any CPU
	EndGlobalSection
	GlobalSection(SolutionProperties) = preSolution
		HideSolutionNode = FALSE
	EndGlobalSection
	GlobalSection(ExtensibilityGlobals) = postSolution
		SolutionGuid = {9757B2F0-86AF-4B98-8FF5-ECFA82D76EBC}
	EndGlobalSection
EndGlobal
